// !$*UTF8*$!
{
	archiveVersion = 1;
	classes = {
	};
	objectVersion = 55;
	objects = {

/* Begin PBXBuildFile section */
		4187A9EB28FDE93E0025AC55 /* AppDelegate.swift in Sources */ = {isa = PBXBuildFile; fileRef = 4187A9EA28FDE93E0025AC55 /* AppDelegate.swift */; };
		4187A9ED28FDE93E0025AC55 /* SceneDelegate.swift in Sources */ = {isa = PBXBuildFile; fileRef = 4187A9EC28FDE93E0025AC55 /* SceneDelegate.swift */; };
		4187A9EF28FDE93E0025AC55 /* HouseViewController.swift in Sources */ = {isa = PBXBuildFile; fileRef = 4187A9EE28FDE93E0025AC55 /* HouseViewController.swift */; };
		4187A9F228FDE93E0025AC55 /* Main.storyboard in Resources */ = {isa = PBXBuildFile; fileRef = 4187A9F028FDE93E0025AC55 /* Main.storyboard */; };
		4187A9F428FDE9420025AC55 /* Assets.xcassets in Resources */ = {isa = PBXBuildFile; fileRef = 4187A9F328FDE9420025AC55 /* Assets.xcassets */; };
		4187A9F728FDE9420025AC55 /* LaunchScreen.storyboard in Resources */ = {isa = PBXBuildFile; fileRef = 4187A9F528FDE9420025AC55 /* LaunchScreen.storyboard */; };
		4187AA0228FDEDFA0025AC55 /* SearchViewController.swift in Sources */ = {isa = PBXBuildFile; fileRef = 4187AA0128FDEDFA0025AC55 /* SearchViewController.swift */; };
		4187AA0428FDEE2F0025AC55 /* AddViewController.swift in Sources */ = {isa = PBXBuildFile; fileRef = 4187AA0328FDEE2E0025AC55 /* AddViewController.swift */; };
		4187AA0628FDEF750025AC55 /* LikeViewController.swift in Sources */ = {isa = PBXBuildFile; fileRef = 4187AA0528FDEF750025AC55 /* LikeViewController.swift */; };
		4187AA0828FDF9870025AC55 /* ProfilViewController.swift in Sources */ = {isa = PBXBuildFile; fileRef = 4187AA0728FDF9870025AC55 /* ProfilViewController.swift */; };
		4187AA0A28FEA2820025AC55 /* Color.xcassets in Resources */ = {isa = PBXBuildFile; fileRef = 4187AA0928FEA2810025AC55 /* Color.xcassets */; };
/* End PBXBuildFile section */

/* Begin PBXFileReference section */
		4187A9E728FDE93E0025AC55 /* Instagram_App.app */ = {isa = PBXFileReference; explicitFileType = wrapper.application; includeInIndex = 0; path = Instagram_App.app; sourceTree = BUILT_PRODUCTS_DIR; };
		4187A9EA28FDE93E0025AC55 /* AppDelegate.swift */ = {isa = PBXFileReference; lastKnownFileType = sourcecode.swift; path = AppDelegate.swift; sourceTree = "<group>"; };
		4187A9EC28FDE93E0025AC55 /* SceneDelegate.swift */ = {isa = PBXFileReference; lastKnownFileType = sourcecode.swift; path = SceneDelegate.swift; sourceTree = "<group>"; };
		4187A9EE28FDE93E0025AC55 /* HouseViewController.swift */ = {isa = PBXFileReference; lastKnownFileType = sourcecode.swift; path = HouseViewController.swift; sourceTree = "<group>"; };
		4187A9F128FDE93E0025AC55 /* Base */ = {isa = PBXFileReference; lastKnownFileType = file.storyboard; name = Base; path = Base.lproj/Main.storyboard; sourceTree = "<group>"; };
		4187A9F328FDE9420025AC55 /* Assets.xcassets */ = {isa = PBXFileReference; lastKnownFileType = folder.assetcatalog; path = Assets.xcassets; sourceTree = "<group>"; };
		4187A9F628FDE9420025AC55 /* Base */ = {isa = PBXFileReference; lastKnownFileType = file.storyboard; name = Base; path = Base.lproj/LaunchScreen.storyboard; sourceTree = "<group>"; };
		4187A9F828FDE9420025AC55 /* Info.plist */ = {isa = PBXFileReference; lastKnownFileType = text.plist.xml; path = Info.plist; sourceTree = "<group>"; };
		4187AA0128FDEDFA0025AC55 /* SearchViewController.swift */ = {isa = PBXFileReference; lastKnownFileType = sourcecode.swift; path = SearchViewController.swift; sourceTree = "<group>"; };
		4187AA0328FDEE2E0025AC55 /* AddViewController.swift */ = {isa = PBXFileReference; lastKnownFileType = sourcecode.swift; path = AddViewController.swift; sourceTree = "<group>"; };
		4187AA0528FDEF750025AC55 /* LikeViewController.swift */ = {isa = PBXFileReference; lastKnownFileType = sourcecode.swift; path = LikeViewController.swift; sourceTree = "<group>"; };
		4187AA0728FDF9870025AC55 /* ProfilViewController.swift */ = {isa = PBXFileReference; lastKnownFileType = sourcecode.swift; path = ProfilViewController.swift; sourceTree = "<group>"; };
		4187AA0928FEA2810025AC55 /* Color.xcassets */ = {isa = PBXFileReference; lastKnownFileType = folder.assetcatalog; path = Color.xcassets; sourceTree = "<group>"; };
/* End PBXFileReference section */

/* Begin PBXFrameworksBuildPhase section */
		4187A9E428FDE93E0025AC55 /* Frameworks */ = {
			isa = PBXFrameworksBuildPhase;
			buildActionMask = 2147483647;
			files = (
			);
			runOnlyForDeploymentPostprocessing = 0;
		};
/* End PBXFrameworksBuildPhase section */

/* Begin PBXGroup section */
		4187A9DE28FDE93E0025AC55 = {
			isa = PBXGroup;
			children = (
				4187A9E928FDE93E0025AC55 /* Instagram_App */,
				4187A9E828FDE93E0025AC55 /* Products */,
			);
			sourceTree = "<group>";
		};
		4187A9E828FDE93E0025AC55 /* Products */ = {
			isa = PBXGroup;
			children = (
				4187A9E728FDE93E0025AC55 /* Instagram_App.app */,
			);
			name = Products;
			sourceTree = "<group>";
		};
		4187A9E928FDE93E0025AC55 /* Instagram_App */ = {
			isa = PBXGroup;
			children = (
				4187A9EA28FDE93E0025AC55 /* AppDelegate.swift */,
				4187A9EC28FDE93E0025AC55 /* SceneDelegate.swift */,
				4187AA0D28FED6EA0025AC55 /* Controller */,
				4187A9F028FDE93E0025AC55 /* Main.storyboard */,
				4187A9F328FDE9420025AC55 /* Assets.xcassets */,
				4187AA0928FEA2810025AC55 /* Color.xcassets */,
				4187A9F528FDE9420025AC55 /* LaunchScreen.storyboard */,
				4187A9F828FDE9420025AC55 /* Info.plist */,
			);
			path = Instagram_App;
			sourceTree = "<group>";
		};
		4187AA0D28FED6EA0025AC55 /* Controller */ = {
			isa = PBXGroup;
			children = (
				4187A9EE28FDE93E0025AC55 /* HouseViewController.swift */,
				4187AA0728FDF9870025AC55 /* ProfilViewController.swift */,
				4187AA0528FDEF750025AC55 /* LikeViewController.swift */,
				4187AA0328FDEE2E0025AC55 /* AddViewController.swift */,
				4187AA0128FDEDFA0025AC55 /* SearchViewController.swift */,
			);
			path = Controller;
			sourceTree = "<group>";
		};
/* End PBXGroup section */

/* Begin PBXNativeTarget section */
		4187A9E628FDE93E0025AC55 /* Instagram_App */ = {
			isa = PBXNativeTarget;
			buildConfigurationList = 4187A9FB28FDE9420025AC55 /* Build configuration list for PBXNativeTarget "Instagram_App" */;
			buildPhases = (
				4187A9FE28FDE94F0025AC55 /* Swift Lint */,
				4187A9E328FDE93E0025AC55 /* Sources */,
				4187A9E428FDE93E0025AC55 /* Frameworks */,
				4187A9E528FDE93E0025AC55 /* Resources */,
			);
			buildRules = (
			);
			dependencies = (
			);
			name = Instagram_App;
			productName = Instagram_App;
			productReference = 4187A9E728FDE93E0025AC55 /* Instagram_App.app */;
			productType = "com.apple.product-type.application";
		};
/* End PBXNativeTarget section */

/* Begin PBXProject section */
		4187A9DF28FDE93E0025AC55 /* Project object */ = {
			isa = PBXProject;
			attributes = {
				BuildIndependentTargetsInParallel = 1;
				LastSwiftUpdateCheck = 1330;
				LastUpgradeCheck = 1330;
				TargetAttributes = {
					4187A9E628FDE93E0025AC55 = {
						CreatedOnToolsVersion = 13.3.1;
					};
				};
			};
			buildConfigurationList = 4187A9E228FDE93E0025AC55 /* Build configuration list for PBXProject "Instagram_App" */;
			compatibilityVersion = "Xcode 13.0";
			developmentRegion = en;
			hasScannedForEncodings = 0;
			knownRegions = (
				en,
				Base,
			);
			mainGroup = 4187A9DE28FDE93E0025AC55;
			productRefGroup = 4187A9E828FDE93E0025AC55 /* Products */;
			projectDirPath = "";
			projectRoot = "";
			targets = (
				4187A9E628FDE93E0025AC55 /* Instagram_App */,
			);
		};
/* End PBXProject section */

/* Begin PBXResourcesBuildPhase section */
		4187A9E528FDE93E0025AC55 /* Resources */ = {
			isa = PBXResourcesBuildPhase;
			buildActionMask = 2147483647;
			files = (
				4187A9F728FDE9420025AC55 /* LaunchScreen.storyboard in Resources */,
				4187AA0A28FEA2820025AC55 /* Color.xcassets in Resources */,
				4187A9F428FDE9420025AC55 /* Assets.xcassets in Resources */,
				4187A9F228FDE93E0025AC55 /* Main.storyboard in Resources */,
			);
			runOnlyForDeploymentPostprocessing = 0;
		};
/* End PBXResourcesBuildPhase section */

/* Begin PBXShellScriptBuildPhase section */
		4187A9FE28FDE94F0025AC55 /* Swift Lint */ = {
			isa = PBXShellScriptBuildPhase;
			buildActionMask = 2147483647;
			files = (
			);
			inputFileListPaths = (
			);
			inputPaths = (
			);
			name = "Swift Lint";
			outputFileListPaths = (
			);
			outputPaths = (
			);
			runOnlyForDeploymentPostprocessing = 0;
			shellPath = /bin/sh;
			shellScript = "if which swiftlint > /dev/null; then\n  swiftlint\nelse\n  echo \"warning: SwiftLint not installed, download from https://github.com/realm/SwiftLint\"\nfi\n";
		};
/* End PBXShellScriptBuildPhase section */

/* Begin PBXSourcesBuildPhase section */
		4187A9E328FDE93E0025AC55 /* Sources */ = {
			isa = PBXSourcesBuildPhase;
			buildActionMask = 2147483647;
			files = (
				4187AA0828FDF9870025AC55 /* ProfilViewController.swift in Sources */,
				4187AA0228FDEDFA0025AC55 /* SearchViewController.swift in Sources */,
				4187AA0628FDEF750025AC55 /* LikeViewController.swift in Sources */,
				4187AA0428FDEE2F0025AC55 /* AddViewController.swift in Sources */,
				4187A9EF28FDE93E0025AC55 /* HouseViewController.swift in Sources */,
				4187A9EB28FDE93E0025AC55 /* AppDelegate.swift in Sources */,
				4187A9ED28FDE93E0025AC55 /* SceneDelegate.swift in Sources */,
			);
			runOnlyForDeploymentPostprocessing = 0;
		};
/* End PBXSourcesBuildPhase section */

/* Begin PBXVariantGroup section */
		4187A9F028FDE93E0025AC55 /* Main.storyboard */ = {
			isa = PBXVariantGroup;
			children = (
				4187A9F128FDE93E0025AC55 /* Base */,
			);
			name = Main.storyboard;
			sourceTree = "<group>";
		};
		4187A9F528FDE9420025AC55 /* LaunchScreen.storyboard */ = {
			isa = PBXVariantGroup;
			children = (
				4187A9F628FDE9420025AC55 /* Base */,
			);
			name = LaunchScreen.storyboard;
			sourceTree = "<group>";
		};
/* End PBXVariantGroup section */

/* Begin XCBuildConfiguration section */
		4187A9F928FDE9420025AC55 /* Debug */ = {
			isa = XCBuildConfiguration;
			buildSettings = {
				ALWAYS_SEARCH_USER_PATHS = NO;
				CLANG_ANALYZER_NONNULL = YES;
				CLANG_ANALYZER_NUMBER_OBJECT_CONVERSION = YES_AGGRESSIVE;
				CLANG_CXX_LANGUAGE_STANDARD = "gnu++17";
				CLANG_ENABLE_MODULES = YES;
				CLANG_ENABLE_OBJC_ARC = YES;
				CLANG_ENABLE_OBJC_WEAK = YES;
				CLANG_WARN_BLOCK_CAPTURE_AUTORELEASING = YES;
				CLANG_WARN_BOOL_CONVERSION = YES;
				CLANG_WARN_COMMA = YES;
				CLANG_WARN_CONSTANT_CONVERSION = YES;
				CLANG_WARN_DEPRECATED_OBJC_IMPLEMENTATIONS = YES;
				CLANG_WARN_DIRECT_OBJC_ISA_USAGE = YES_ERROR;
				CLANG_WARN_DOCUMENTATION_COMMENTS = YES;
				CLANG_WARN_EMPTY_BODY = YES;
				CLANG_WARN_ENUM_CONVERSION = YES;
				CLANG_WARN_INFINITE_RECURSION = YES;
				CLANG_WARN_INT_CONVERSION = YES;
				CLANG_WARN_NON_LITERAL_NULL_CONVERSION = YES;
				CLANG_WARN_OBJC_IMPLICIT_RETAIN_SELF = YES;
				CLANG_WARN_OBJC_LITERAL_CONVERSION = YES;
				CLANG_WARN_OBJC_ROOT_CLASS = YES_ERROR;
				CLANG_WARN_QUOTED_INCLUDE_IN_FRAMEWORK_HEADER = YES;
				CLANG_WARN_RANGE_LOOP_ANALYSIS = YES;
				CLANG_WARN_STRICT_PROTOTYPES = YES;
				CLANG_WARN_SUSPICIOUS_MOVE = YES;
				CLANG_WARN_UNGUARDED_AVAILABILITY = YES_AGGRESSIVE;
				CLANG_WARN_UNREACHABLE_CODE = YES;
				CLANG_WARN__DUPLICATE_METHOD_MATCH = YES;
				COPY_PHASE_STRIP = NO;
				DEBUG_INFORMATION_FORMAT = dwarf;
				ENABLE_STRICT_OBJC_MSGSEND = YES;
				ENABLE_TESTABILITY = YES;
				GCC_C_LANGUAGE_STANDARD = gnu11;
				GCC_DYNAMIC_NO_PIC = NO;
				GCC_NO_COMMON_BLOCKS = YES;
				GCC_OPTIMIZATION_LEVEL = 0;
				GCC_PREPROCESSOR_DEFINITIONS = (
					"DEBUG=1",
					"$(inherited)",
				);
				GCC_WARN_64_TO_32_BIT_CONVERSION = YES;
				GCC_WARN_ABOUT_RETURN_TYPE = YES_ERROR;
				GCC_WARN_UNDECLARED_SELECTOR = YES;
				GCC_WARN_UNINITIALIZED_AUTOS = YES_AGGRESSIVE;
				GCC_WARN_UNUSED_FUNCTION = YES;
				GCC_WARN_UNUSED_VARIABLE = YES;
				IPHONEOS_DEPLOYMENT_TARGET = 15.4;
				MTL_ENABLE_DEBUG_INFO = INCLUDE_SOURCE;
				MTL_FAST_MATH = YES;
				ONLY_ACTIVE_ARCH = YES;
				SDKROOT = iphoneos;
				SWIFT_ACTIVE_COMPILATION_CONDITIONS = DEBUG;
				SWIFT_OPTIMIZATION_LEVEL = "-Onone";
			};
			name = Debug;
		};
		4187A9FA28FDE9420025AC55 /* Release */ = {
			isa = XCBuildConfiguration;
			buildSettings = {
				ALWAYS_SEARCH_USER_PATHS = NO;
				CLANG_ANALYZER_NONNULL = YES;
				CLANG_ANALYZER_NUMBER_OBJECT_CONVERSION = YES_AGGRESSIVE;
				CLANG_CXX_LANGUAGE_STANDARD = "gnu++17";
				CLANG_ENABLE_MODULES = YES;
				CLANG_ENABLE_OBJC_ARC = YES;
				CLANG_ENABLE_OBJC_WEAK = YES;
				CLANG_WARN_BLOCK_CAPTURE_AUTORELEASING = YES;
				CLANG_WARN_BOOL_CONVERSION = YES;
				CLANG_WARN_COMMA = YES;
				CLANG_WARN_CONSTANT_CONVERSION = YES;
				CLANG_WARN_DEPRECATED_OBJC_IMPLEMENTATIONS = YES;
				CLANG_WARN_DIRECT_OBJC_ISA_USAGE = YES_ERROR;
				CLANG_WARN_DOCUMENTATION_COMMENTS = YES;
				CLANG_WARN_EMPTY_BODY = YES;
				CLANG_WARN_ENUM_CONVERSION = YES;
				CLANG_WARN_INFINITE_RECURSION = YES;
				CLANG_WARN_INT_CONVERSION = YES;
				CLANG_WARN_NON_LITERAL_NULL_CONVERSION = YES;
				CLANG_WARN_OBJC_IMPLICIT_RETAIN_SELF = YES;
				CLANG_WARN_OBJC_LITERAL_CONVERSION = YES;
				CLANG_WARN_OBJC_ROOT_CLASS = YES_ERROR;
				CLANG_WARN_QUOTED_INCLUDE_IN_FRAMEWORK_HEADER = YES;
				CLANG_WARN_RANGE_LOOP_ANALYSIS = YES;
				CLANG_WARN_STRICT_PROTOTYPES = YES;
				CLANG_WARN_SUSPICIOUS_MOVE = YES;
				CLANG_WARN_UNGUARDED_AVAILABILITY = YES_AGGRESSIVE;
				CLANG_WARN_UNREACHABLE_CODE = YES;
				CLANG_WARN__DUPLICATE_METHOD_MATCH = YES;
				COPY_PHASE_STRIP = NO;
				DEBUG_INFORMATION_FORMAT = "dwarf-with-dsym";
				ENABLE_NS_ASSERTIONS = NO;
				ENABLE_STRICT_OBJC_MSGSEND = YES;
				GCC_C_LANGUAGE_STANDARD = gnu11;
				GCC_NO_COMMON_BLOCKS = YES;
				GCC_WARN_64_TO_32_BIT_CONVERSION = YES;
				GCC_WARN_ABOUT_RETURN_TYPE = YES_ERROR;
				GCC_WARN_UNDECLARED_SELECTOR = YES;
				GCC_WARN_UNINITIALIZED_AUTOS = YES_AGGRESSIVE;
				GCC_WARN_UNUSED_FUNCTION = YES;
				GCC_WARN_UNUSED_VARIABLE = YES;
				IPHONEOS_DEPLOYMENT_TARGET = 15.4;
				MTL_ENABLE_DEBUG_INFO = NO;
				MTL_FAST_MATH = YES;
				SDKROOT = iphoneos;
				SWIFT_COMPILATION_MODE = wholemodule;
				SWIFT_OPTIMIZATION_LEVEL = "-O";
				VALIDATE_PRODUCT = YES;
			};
			name = Release;
		};
		4187A9FC28FDE9420025AC55 /* Debug */ = {
			isa = XCBuildConfiguration;
			buildSettings = {
				ASSETCATALOG_COMPILER_APPICON_NAME = AppIcon;
				ASSETCATALOG_COMPILER_GLOBAL_ACCENT_COLOR_NAME = AccentColor;
				CODE_SIGN_STYLE = Automatic;
				CURRENT_PROJECT_VERSION = 1;
				GENERATE_INFOPLIST_FILE = YES;
				INFOPLIST_FILE = Instagram_App/Info.plist;
				INFOPLIST_KEY_UIApplicationSupportsIndirectInputEvents = YES;
				INFOPLIST_KEY_UILaunchStoryboardName = LaunchScreen;
				INFOPLIST_KEY_UIMainStoryboardFile = Main;
				INFOPLIST_KEY_UISupportedInterfaceOrientations_iPad = "UIInterfaceOrientationPortrait UIInterfaceOrientationPortraitUpsideDown UIInterfaceOrientationLandscapeLeft UIInterfaceOrientationLandscapeRight";
				INFOPLIST_KEY_UISupportedInterfaceOrientations_iPhone = "UIInterfaceOrientationPortrait UIInterfaceOrientationLandscapeLeft UIInterfaceOrientationLandscapeRight";
				LD_RUNPATH_SEARCH_PATHS = (
					"$(inherited)",
					"@executable_path/Frameworks",
				);
				MARKETING_VERSION = 1.0;
				PRODUCT_BUNDLE_IDENTIFIER = "ItAnanans.Instagram-App";
				PRODUCT_NAME = "$(TARGET_NAME)";
				SWIFT_EMIT_LOC_STRINGS = YES;
				SWIFT_VERSION = 5.0;
				TARGETED_DEVICE_FAMILY = "1,2";
			};
			name = Debug;
		};
		4187A9FD28FDE9420025AC55 /* Release */ = {
			isa = XCBuildConfiguration;
			buildSettings = {
				ASSETCATALOG_COMPILER_APPICON_NAME = AppIcon;
				ASSETCATALOG_COMPILER_GLOBAL_ACCENT_COLOR_NAME = AccentColor;
				CODE_SIGN_STYLE = Automatic;
				CURRENT_PROJECT_VERSION = 1;
				GENERATE_INFOPLIST_FILE = YES;
				INFOPLIST_FILE = Instagram_App/Info.plist;
				INFOPLIST_KEY_UIApplicationSupportsIndirectInputEvents = YES;
				INFOPLIST_KEY_UILaunchStoryboardName = LaunchScreen;
				INFOPLIST_KEY_UIMainStoryboardFile = Main;
				INFOPLIST_KEY_UISupportedInterfaceOrientations_iPad = "UIInterfaceOrientationPortrait UIInterfaceOrientationPortraitUpsideDown UIInterfaceOrientationLandscapeLeft UIInterfaceOrientationLandscapeRight";
				INFOPLIST_KEY_UISupportedInterfaceOrientations_iPhone = "UIInterfaceOrientationPortrait UIInterfaceOrientationLandscapeLeft UIInterfaceOrientationLandscapeRight";
				LD_RUNPATH_SEARCH_PATHS = (
					"$(inherited)",
					"@executable_path/Frameworks",
				);
				MARKETING_VERSION = 1.0;
				PRODUCT_BUNDLE_IDENTIFIER = "ItAnanans.Instagram-App";
				PRODUCT_NAME = "$(TARGET_NAME)";
				SWIFT_EMIT_LOC_STRINGS = YES;
				SWIFT_VERSION = 5.0;
				TARGETED_DEVICE_FAMILY = "1,2";
			};
			name = Release;
		};
/* End XCBuildConfiguration section */

/* Begin XCConfigurationList section */
		4187A9E228FDE93E0025AC55 /* Build configuration list for PBXProject "Instagram_App" */ = {
			isa = XCConfigurationList;
			buildConfigurations = (
				4187A9F928FDE9420025AC55 /* Debug */,
				4187A9FA28FDE9420025AC55 /* Release */,
			);
			defaultConfigurationIsVisible = 0;
			defaultConfigurationName = Release;
		};
		4187A9FB28FDE9420025AC55 /* Build configuration list for PBXNativeTarget "Instagram_App" */ = {
			isa = XCConfigurationList;
			buildConfigurations = (
				4187A9FC28FDE9420025AC55 /* Debug */,
				4187A9FD28FDE9420025AC55 /* Release */,
			);
			defaultConfigurationIsVisible = 0;
			defaultConfigurationName = Release;
		};
/* End XCConfigurationList section */
	};
	rootObject = 4187A9DF28FDE93E0025AC55 /* Project object */;
}
